// !$*UTF8*$!
{
	archiveVersion = 1;
	classes = {
	};
	objectVersion = 56;
	objects = {

/* Begin PBXBuildFile section */
		8815624E2AE35E0C00D268C4 /* Networking in Frameworks */ = {isa = PBXBuildFile; productRef = 8815624D2AE35E0C00D268C4 /* Networking */; };
		881562522AE35F9900D268C4 /* Production.xcconfig in Resources */ = {isa = PBXBuildFile; fileRef = 881562512AE35F9900D268C4 /* Production.xcconfig */; };
		881562552AE360D300D268C4 /* Environment.swift in Sources */ = {isa = PBXBuildFile; fileRef = 881562542AE360D300D268C4 /* Environment.swift */; };
		8815625A2AE3635700D268C4 /* DetailsViewController.swift in Sources */ = {isa = PBXBuildFile; fileRef = 881562592AE3635700D268C4 /* DetailsViewController.swift */; };
		8815625D2AE3685100D268C4 /* BeerTableViewCell.swift in Sources */ = {isa = PBXBuildFile; fileRef = 8815625C2AE3685100D268C4 /* BeerTableViewCell.swift */; };
		881562612AE36B6300D268C4 /* UICollectionReusableView.swift in Sources */ = {isa = PBXBuildFile; fileRef = 881562602AE36B6300D268C4 /* UICollectionReusableView.swift */; };
		881562642AE3704000D268C4 /* Beer.swift in Sources */ = {isa = PBXBuildFile; fileRef = 881562632AE3704000D268C4 /* Beer.swift */; };
		8894F7882AE60D3100B85CA1 /* Kingfisher in Frameworks */ = {isa = PBXBuildFile; productRef = 8894F7872AE60D3100B85CA1 /* Kingfisher */; };
		88B90E9F2AE575BC00652B4D /* BeerAPI.swift in Sources */ = {isa = PBXBuildFile; fileRef = 88B90E9E2AE575BC00652B4D /* BeerAPI.swift */; };
		88B90EA22AE57B2500652B4D /* BeersInteractor.swift in Sources */ = {isa = PBXBuildFile; fileRef = 88B90EA12AE57B2500652B4D /* BeersInteractor.swift */; };
		88E3F7132AE356A900BFA273 /* AppDelegate.swift in Sources */ = {isa = PBXBuildFile; fileRef = 88E3F7122AE356A900BFA273 /* AppDelegate.swift */; };
		88E3F7152AE356A900BFA273 /* SceneDelegate.swift in Sources */ = {isa = PBXBuildFile; fileRef = 88E3F7142AE356A900BFA273 /* SceneDelegate.swift */; };
		88E3F7172AE356A900BFA273 /* HomeViewController.swift in Sources */ = {isa = PBXBuildFile; fileRef = 88E3F7162AE356A900BFA273 /* HomeViewController.swift */; };
		88E3F71C2AE356A900BFA273 /* Assets.xcassets in Resources */ = {isa = PBXBuildFile; fileRef = 88E3F71B2AE356A900BFA273 /* Assets.xcassets */; };
		88E3F71F2AE356A900BFA273 /* LaunchScreen.storyboard in Resources */ = {isa = PBXBuildFile; fileRef = 88E3F71D2AE356A900BFA273 /* LaunchScreen.storyboard */; };
/* End PBXBuildFile section */

/* Begin PBXFileReference section */
		8815624B2AE35B9D00D268C4 /* Networking */ = {isa = PBXFileReference; lastKnownFileType = wrapper; path = Networking; sourceTree = "<group>"; };
		881562512AE35F9900D268C4 /* Production.xcconfig */ = {isa = PBXFileReference; lastKnownFileType = text.xcconfig; path = Production.xcconfig; sourceTree = "<group>"; };
		881562542AE360D300D268C4 /* Environment.swift */ = {isa = PBXFileReference; lastKnownFileType = sourcecode.swift; path = Environment.swift; sourceTree = "<group>"; };
		881562592AE3635700D268C4 /* DetailsViewController.swift */ = {isa = PBXFileReference; lastKnownFileType = sourcecode.swift; path = DetailsViewController.swift; sourceTree = "<group>"; };
		8815625C2AE3685100D268C4 /* BeerTableViewCell.swift */ = {isa = PBXFileReference; lastKnownFileType = sourcecode.swift; path = BeerTableViewCell.swift; sourceTree = "<group>"; };
		881562602AE36B6300D268C4 /* UICollectionReusableView.swift */ = {isa = PBXFileReference; lastKnownFileType = sourcecode.swift; path = UICollectionReusableView.swift; sourceTree = "<group>"; };
		881562632AE3704000D268C4 /* Beer.swift */ = {isa = PBXFileReference; lastKnownFileType = sourcecode.swift; path = Beer.swift; sourceTree = "<group>"; };
		88B90E9E2AE575BC00652B4D /* BeerAPI.swift */ = {isa = PBXFileReference; lastKnownFileType = sourcecode.swift; path = BeerAPI.swift; sourceTree = "<group>"; };
		88B90EA12AE57B2500652B4D /* BeersInteractor.swift */ = {isa = PBXFileReference; lastKnownFileType = sourcecode.swift; path = BeersInteractor.swift; sourceTree = "<group>"; };
		88E3F70F2AE356A900BFA273 /* brewery.app */ = {isa = PBXFileReference; explicitFileType = wrapper.application; includeInIndex = 0; path = brewery.app; sourceTree = BUILT_PRODUCTS_DIR; };
		88E3F7122AE356A900BFA273 /* AppDelegate.swift */ = {isa = PBXFileReference; lastKnownFileType = sourcecode.swift; path = AppDelegate.swift; sourceTree = "<group>"; };
		88E3F7142AE356A900BFA273 /* SceneDelegate.swift */ = {isa = PBXFileReference; lastKnownFileType = sourcecode.swift; path = SceneDelegate.swift; sourceTree = "<group>"; };
		88E3F7162AE356A900BFA273 /* HomeViewController.swift */ = {isa = PBXFileReference; lastKnownFileType = sourcecode.swift; path = HomeViewController.swift; sourceTree = "<group>"; };
		88E3F71B2AE356A900BFA273 /* Assets.xcassets */ = {isa = PBXFileReference; lastKnownFileType = folder.assetcatalog; path = Assets.xcassets; sourceTree = "<group>"; };
		88E3F71E2AE356A900BFA273 /* Base */ = {isa = PBXFileReference; lastKnownFileType = file.storyboard; name = Base; path = Base.lproj/LaunchScreen.storyboard; sourceTree = "<group>"; };
		88E3F7202AE356A900BFA273 /* Info.plist */ = {isa = PBXFileReference; lastKnownFileType = text.plist.xml; path = Info.plist; sourceTree = "<group>"; };
/* End PBXFileReference section */

/* Begin PBXFrameworksBuildPhase section */
		88E3F70C2AE356A900BFA273 /* Frameworks */ = {
			isa = PBXFrameworksBuildPhase;
			buildActionMask = 2147483647;
			files = (
				8894F7882AE60D3100B85CA1 /* Kingfisher in Frameworks */,
				8815624E2AE35E0C00D268C4 /* Networking in Frameworks */,
			);
			runOnlyForDeploymentPostprocessing = 0;
		};
/* End PBXFrameworksBuildPhase section */

/* Begin PBXGroup section */
		8815624C2AE35E0C00D268C4 /* Frameworks */ = {
			isa = PBXGroup;
			children = (
			);
			name = Frameworks;
			sourceTree = "<group>";
		};
		8815624F2AE35EEF00D268C4 /* SupportingFiles */ = {
			isa = PBXGroup;
			children = (
				88E3F7202AE356A900BFA273 /* Info.plist */,
				881562502AE35F0B00D268C4 /* Resources */,
			);
			path = SupportingFiles;
			sourceTree = "<group>";
		};
		881562502AE35F0B00D268C4 /* Resources */ = {
			isa = PBXGroup;
			children = (
				88E3F71B2AE356A900BFA273 /* Assets.xcassets */,
			);
			path = Resources;
			sourceTree = "<group>";
		};
		881562532AE3605D00D268C4 /* Configs */ = {
			isa = PBXGroup;
			children = (
				881562512AE35F9900D268C4 /* Production.xcconfig */,
			);
			path = Configs;
			sourceTree = "<group>";
		};
		881562562AE3628B00D268C4 /* Scenes */ = {
			isa = PBXGroup;
			children = (
				88B90EA02AE57B0A00652B4D /* NetworkInteractor */,
				881562582AE3632C00D268C4 /* Home */,
				881562572AE3632800D268C4 /* Details */,
			);
			path = Scenes;
			sourceTree = "<group>";
		};
		881562572AE3632800D268C4 /* Details */ = {
			isa = PBXGroup;
			children = (
				881562592AE3635700D268C4 /* DetailsViewController.swift */,
			);
			path = Details;
			sourceTree = "<group>";
		};
		881562582AE3632C00D268C4 /* Home */ = {
			isa = PBXGroup;
			children = (
				88E3F7162AE356A900BFA273 /* HomeViewController.swift */,
				8815625B2AE3682700D268C4 /* Cells */,
			);
			path = Home;
			sourceTree = "<group>";
		};
		8815625B2AE3682700D268C4 /* Cells */ = {
			isa = PBXGroup;
			children = (
				8815625C2AE3685100D268C4 /* BeerTableViewCell.swift */,
			);
			path = Cells;
			sourceTree = "<group>";
		};
		8815625E2AE36B2700D268C4 /* Utils */ = {
			isa = PBXGroup;
			children = (
				8815625F2AE36B4500D268C4 /* Extensions */,
				881562542AE360D300D268C4 /* Environment.swift */,
			);
			path = Utils;
			sourceTree = "<group>";
		};
		8815625F2AE36B4500D268C4 /* Extensions */ = {
			isa = PBXGroup;
			children = (
				881562602AE36B6300D268C4 /* UICollectionReusableView.swift */,
			);
			path = Extensions;
			sourceTree = "<group>";
		};
		881562622AE3701200D268C4 /* Models */ = {
			isa = PBXGroup;
			children = (
				881562632AE3704000D268C4 /* Beer.swift */,
			);
			path = Models;
			sourceTree = "<group>";
		};
		88B90E9D2AE575A700652B4D /* Network */ = {
			isa = PBXGroup;
			children = (
				88B90E9E2AE575BC00652B4D /* BeerAPI.swift */,
			);
			path = Network;
			sourceTree = "<group>";
		};
		88B90EA02AE57B0A00652B4D /* NetworkInteractor */ = {
			isa = PBXGroup;
			children = (
				88B90EA12AE57B2500652B4D /* BeersInteractor.swift */,
			);
			path = NetworkInteractor;
			sourceTree = "<group>";
		};
		88E3F7062AE356A800BFA273 = {
			isa = PBXGroup;
			children = (
				88E3F7112AE356A900BFA273 /* brewery */,
				881562532AE3605D00D268C4 /* Configs */,
				8815624B2AE35B9D00D268C4 /* Networking */,
				88E3F7102AE356A900BFA273 /* Products */,
				8815624C2AE35E0C00D268C4 /* Frameworks */,
			);
			sourceTree = "<group>";
		};
		88E3F7102AE356A900BFA273 /* Products */ = {
			isa = PBXGroup;
			children = (
				88E3F70F2AE356A900BFA273 /* brewery.app */,
			);
			name = Products;
			sourceTree = "<group>";
		};
		88E3F7112AE356A900BFA273 /* brewery */ = {
			isa = PBXGroup;
			children = (
				88B90E9D2AE575A700652B4D /* Network */,
				88E3F7122AE356A900BFA273 /* AppDelegate.swift */,
				88E3F71D2AE356A900BFA273 /* LaunchScreen.storyboard */,
				88E3F7142AE356A900BFA273 /* SceneDelegate.swift */,
				8815625E2AE36B2700D268C4 /* Utils */,
				881562622AE3701200D268C4 /* Models */,
				881562562AE3628B00D268C4 /* Scenes */,
				8815624F2AE35EEF00D268C4 /* SupportingFiles */,
			);
			path = brewery;
			sourceTree = "<group>";
		};
/* End PBXGroup section */

/* Begin PBXNativeTarget section */
		88E3F70E2AE356A900BFA273 /* brewery */ = {
			isa = PBXNativeTarget;
			buildConfigurationList = 88E3F7232AE356A900BFA273 /* Build configuration list for PBXNativeTarget "brewery" */;
			buildPhases = (
				88E3F70B2AE356A900BFA273 /* Sources */,
				88E3F70C2AE356A900BFA273 /* Frameworks */,
				88E3F70D2AE356A900BFA273 /* Resources */,
			);
			buildRules = (
			);
			dependencies = (
			);
			name = brewery;
			packageProductDependencies = (
				8815624D2AE35E0C00D268C4 /* Networking */,
				8894F7872AE60D3100B85CA1 /* Kingfisher */,
			);
			productName = brewery;
			productReference = 88E3F70F2AE356A900BFA273 /* brewery.app */;
			productType = "com.apple.product-type.application";
		};
/* End PBXNativeTarget section */

/* Begin PBXProject section */
		88E3F7072AE356A800BFA273 /* Project object */ = {
			isa = PBXProject;
			attributes = {
				BuildIndependentTargetsInParallel = 1;
				LastSwiftUpdateCheck = 1500;
				LastUpgradeCheck = 1500;
				TargetAttributes = {
					88E3F70E2AE356A900BFA273 = {
						CreatedOnToolsVersion = 15.0.1;
					};
				};
			};
			buildConfigurationList = 88E3F70A2AE356A800BFA273 /* Build configuration list for PBXProject "brewery" */;
			compatibilityVersion = "Xcode 14.0";
			developmentRegion = en;
			hasScannedForEncodings = 0;
			knownRegions = (
				en,
				Base,
			);
			mainGroup = 88E3F7062AE356A800BFA273;
			packageReferences = (
				8894F7862AE60D3100B85CA1 /* XCRemoteSwiftPackageReference "Kingfisher" */,
			);
			productRefGroup = 88E3F7102AE356A900BFA273 /* Products */;
			projectDirPath = "";
			projectRoot = "";
			targets = (
				88E3F70E2AE356A900BFA273 /* brewery */,
			);
		};
/* End PBXProject section */

/* Begin PBXResourcesBuildPhase section */
		88E3F70D2AE356A900BFA273 /* Resources */ = {
			isa = PBXResourcesBuildPhase;
			buildActionMask = 2147483647;
			files = (
				88E3F71F2AE356A900BFA273 /* LaunchScreen.storyboard in Resources */,
				88E3F71C2AE356A900BFA273 /* Assets.xcassets in Resources */,
				881562522AE35F9900D268C4 /* Production.xcconfig in Resources */,
			);
			runOnlyForDeploymentPostprocessing = 0;
		};
/* End PBXResourcesBuildPhase section */

/* Begin PBXSourcesBuildPhase section */
		88E3F70B2AE356A900BFA273 /* Sources */ = {
			isa = PBXSourcesBuildPhase;
			buildActionMask = 2147483647;
			files = (
				88E3F7172AE356A900BFA273 /* HomeViewController.swift in Sources */,
				881562612AE36B6300D268C4 /* UICollectionReusableView.swift in Sources */,
				881562552AE360D300D268C4 /* Environment.swift in Sources */,
				881562642AE3704000D268C4 /* Beer.swift in Sources */,
				8815625D2AE3685100D268C4 /* BeerTableViewCell.swift in Sources */,
				88E3F7132AE356A900BFA273 /* AppDelegate.swift in Sources */,
				88B90EA22AE57B2500652B4D /* BeersInteractor.swift in Sources */,
				88E3F7152AE356A900BFA273 /* SceneDelegate.swift in Sources */,
				8815625A2AE3635700D268C4 /* DetailsViewController.swift in Sources */,
				88B90E9F2AE575BC00652B4D /* BeerAPI.swift in Sources */,
			);
			runOnlyForDeploymentPostprocessing = 0;
		};
/* End PBXSourcesBuildPhase section */

/* Begin PBXVariantGroup section */
		88E3F71D2AE356A900BFA273 /* LaunchScreen.storyboard */ = {
			isa = PBXVariantGroup;
			children = (
				88E3F71E2AE356A900BFA273 /* Base */,
			);
			name = LaunchScreen.storyboard;
			sourceTree = "<group>";
		};
/* End PBXVariantGroup section */

/* Begin XCBuildConfiguration section */
		88E3F7212AE356A900BFA273 /* Debug */ = {
			isa = XCBuildConfiguration;
			baseConfigurationReference = 881562512AE35F9900D268C4 /* Production.xcconfig */;
			buildSettings = {
				ALWAYS_SEARCH_USER_PATHS = NO;
				ASSETCATALOG_COMPILER_GENERATE_SWIFT_ASSET_SYMBOL_EXTENSIONS = YES;
				CLANG_ANALYZER_NONNULL = YES;
				CLANG_ANALYZER_NUMBER_OBJECT_CONVERSION = YES_AGGRESSIVE;
				CLANG_CXX_LANGUAGE_STANDARD = "gnu++20";
				CLANG_ENABLE_MODULES = YES;
				CLANG_ENABLE_OBJC_ARC = YES;
				CLANG_ENABLE_OBJC_WEAK = YES;
				CLANG_WARN_BLOCK_CAPTURE_AUTORELEASING = YES;
				CLANG_WARN_BOOL_CONVERSION = YES;
				CLANG_WARN_COMMA = YES;
				CLANG_WARN_CONSTANT_CONVERSION = YES;
				CLANG_WARN_DEPRECATED_OBJC_IMPLEMENTATIONS = YES;
				CLANG_WARN_DIRECT_OBJC_ISA_USAGE = YES_ERROR;
				CLANG_WARN_DOCUMENTATION_COMMENTS = YES;
				CLANG_WARN_EMPTY_BODY = YES;
				CLANG_WARN_ENUM_CONVERSION = YES;
				CLANG_WARN_INFINITE_RECURSION = YES;
				CLANG_WARN_INT_CONVERSION = YES;
				CLANG_WARN_NON_LITERAL_NULL_CONVERSION = YES;
				CLANG_WARN_OBJC_IMPLICIT_RETAIN_SELF = YES;
				CLANG_WARN_OBJC_LITERAL_CONVERSION = YES;
				CLANG_WARN_OBJC_ROOT_CLASS = YES_ERROR;
				CLANG_WARN_QUOTED_INCLUDE_IN_FRAMEWORK_HEADER = YES;
				CLANG_WARN_RANGE_LOOP_ANALYSIS = YES;
				CLANG_WARN_STRICT_PROTOTYPES = YES;
				CLANG_WARN_SUSPICIOUS_MOVE = YES;
				CLANG_WARN_UNGUARDED_AVAILABILITY = YES_AGGRESSIVE;
				CLANG_WARN_UNREACHABLE_CODE = YES;
				CLANG_WARN__DUPLICATE_METHOD_MATCH = YES;
				COPY_PHASE_STRIP = NO;
				DEBUG_INFORMATION_FORMAT = dwarf;
				ENABLE_STRICT_OBJC_MSGSEND = YES;
				ENABLE_TESTABILITY = YES;
				ENABLE_USER_SCRIPT_SANDBOXING = YES;
				GCC_C_LANGUAGE_STANDARD = gnu17;
				GCC_DYNAMIC_NO_PIC = NO;
				GCC_NO_COMMON_BLOCKS = YES;
				GCC_OPTIMIZATION_LEVEL = 0;
				GCC_PREPROCESSOR_DEFINITIONS = (
					"DEBUG=1",
					"$(inherited)",
				);
				GCC_WARN_64_TO_32_BIT_CONVERSION = YES;
				GCC_WARN_ABOUT_RETURN_TYPE = YES_ERROR;
				GCC_WARN_UNDECLARED_SELECTOR = YES;
				GCC_WARN_UNINITIALIZED_AUTOS = YES_AGGRESSIVE;
				GCC_WARN_UNUSED_FUNCTION = YES;
				GCC_WARN_UNUSED_VARIABLE = YES;
				IPHONEOS_DEPLOYMENT_TARGET = 15.0;
				LOCALIZATION_PREFERS_STRING_CATALOGS = YES;
				MTL_ENABLE_DEBUG_INFO = INCLUDE_SOURCE;
				MTL_FAST_MATH = YES;
				ONLY_ACTIVE_ARCH = YES;
				SDKROOT = iphoneos;
				SWIFT_ACTIVE_COMPILATION_CONDITIONS = "DEBUG $(inherited)";
				SWIFT_OPTIMIZATION_LEVEL = "-Onone";
			};
			name = Debug;
		};
		88E3F7222AE356A900BFA273 /* Release */ = {
			isa = XCBuildConfiguration;
			baseConfigurationReference = 881562512AE35F9900D268C4 /* Production.xcconfig */;
			buildSettings = {
				ALWAYS_SEARCH_USER_PATHS = NO;
				ASSETCATALOG_COMPILER_GENERATE_SWIFT_ASSET_SYMBOL_EXTENSIONS = YES;
				CLANG_ANALYZER_NONNULL = YES;
				CLANG_ANALYZER_NUMBER_OBJECT_CONVERSION = YES_AGGRESSIVE;
				CLANG_CXX_LANGUAGE_STANDARD = "gnu++20";
				CLANG_ENABLE_MODULES = YES;
				CLANG_ENABLE_OBJC_ARC = YES;
				CLANG_ENABLE_OBJC_WEAK = YES;
				CLANG_WARN_BLOCK_CAPTURE_AUTORELEASING = YES;
				CLANG_WARN_BOOL_CONVERSION = YES;
				CLANG_WARN_COMMA = YES;
				CLANG_WARN_CONSTANT_CONVERSION = YES;
				CLANG_WARN_DEPRECATED_OBJC_IMPLEMENTATIONS = YES;
				CLANG_WARN_DIRECT_OBJC_ISA_USAGE = YES_ERROR;
				CLANG_WARN_DOCUMENTATION_COMMENTS = YES;
				CLANG_WARN_EMPTY_BODY = YES;
				CLANG_WARN_ENUM_CONVERSION = YES;
				CLANG_WARN_INFINITE_RECURSION = YES;
				CLANG_WARN_INT_CONVERSION = YES;
				CLANG_WARN_NON_LITERAL_NULL_CONVERSION = YES;
				CLANG_WARN_OBJC_IMPLICIT_RETAIN_SELF = YES;
				CLANG_WARN_OBJC_LITERAL_CONVERSION = YES;
				CLANG_WARN_OBJC_ROOT_CLASS = YES_ERROR;
				CLANG_WARN_QUOTED_INCLUDE_IN_FRAMEWORK_HEADER = YES;
				CLANG_WARN_RANGE_LOOP_ANALYSIS = YES;
				CLANG_WARN_STRICT_PROTOTYPES = YES;
				CLANG_WARN_SUSPICIOUS_MOVE = YES;
				CLANG_WARN_UNGUARDED_AVAILABILITY = YES_AGGRESSIVE;
				CLANG_WARN_UNREACHABLE_CODE = YES;
				CLANG_WARN__DUPLICATE_METHOD_MATCH = YES;
				COPY_PHASE_STRIP = NO;
				DEBUG_INFORMATION_FORMAT = "dwarf-with-dsym";
				ENABLE_NS_ASSERTIONS = NO;
				ENABLE_STRICT_OBJC_MSGSEND = YES;
				ENABLE_USER_SCRIPT_SANDBOXING = YES;
				GCC_C_LANGUAGE_STANDARD = gnu17;
				GCC_NO_COMMON_BLOCKS = YES;
				GCC_WARN_64_TO_32_BIT_CONVERSION = YES;
				GCC_WARN_ABOUT_RETURN_TYPE = YES_ERROR;
				GCC_WARN_UNDECLARED_SELECTOR = YES;
				GCC_WARN_UNINITIALIZED_AUTOS = YES_AGGRESSIVE;
				GCC_WARN_UNUSED_FUNCTION = YES;
				GCC_WARN_UNUSED_VARIABLE = YES;
				IPHONEOS_DEPLOYMENT_TARGET = 15.0;
				LOCALIZATION_PREFERS_STRING_CATALOGS = YES;
				MTL_ENABLE_DEBUG_INFO = NO;
				MTL_FAST_MATH = YES;
				SDKROOT = iphoneos;
				SWIFT_COMPILATION_MODE = wholemodule;
				VALIDATE_PRODUCT = YES;
			};
			name = Release;
		};
		88E3F7242AE356A900BFA273 /* Debug */ = {
			isa = XCBuildConfiguration;
			baseConfigurationReference = 881562512AE35F9900D268C4 /* Production.xcconfig */;
			buildSettings = {
				ASSETCATALOG_COMPILER_APPICON_NAME = AppIcon;
				ASSETCATALOG_COMPILER_GLOBAL_ACCENT_COLOR_NAME = AccentColor;
				CODE_SIGN_STYLE = Automatic;
				CURRENT_PROJECT_VERSION = 1;
				DEVELOPMENT_TEAM = HXUYU6LP5D;
				GENERATE_INFOPLIST_FILE = YES;
				INFOPLIST_FILE = brewery/SupportingFiles/Info.plist;
				INFOPLIST_KEY_UIApplicationSupportsIndirectInputEvents = YES;
				INFOPLIST_KEY_UILaunchStoryboardName = LaunchScreen;
				INFOPLIST_KEY_UIStatusBarStyle = "";
				INFOPLIST_KEY_UISupportedInterfaceOrientations = UIInterfaceOrientationPortrait;
				LD_RUNPATH_SEARCH_PATHS = (
					"$(inherited)",
					"@executable_path/Frameworks",
				);
				MARKETING_VERSION = 1.0;
				PRODUCT_BUNDLE_IDENTIFIER = wolf.brewery;
				PRODUCT_NAME = "$(TARGET_NAME)";
				SUPPORTED_PLATFORMS = "iphoneos iphonesimulator";
				SUPPORTS_MACCATALYST = NO;
				SUPPORTS_MAC_DESIGNED_FOR_IPHONE_IPAD = NO;
				SWIFT_EMIT_LOC_STRINGS = YES;
				SWIFT_VERSION = 5.0;
				TARGETED_DEVICE_FAMILY = "1,2";
			};
			name = Debug;
		};
		88E3F7252AE356A900BFA273 /* Release */ = {
			isa = XCBuildConfiguration;
			baseConfigurationReference = 881562512AE35F9900D268C4 /* Production.xcconfig */;
			buildSettings = {
				ASSETCATALOG_COMPILER_APPICON_NAME = AppIcon;
				ASSETCATALOG_COMPILER_GLOBAL_ACCENT_COLOR_NAME = AccentColor;
				CODE_SIGN_STYLE = Automatic;
				CURRENT_PROJECT_VERSION = 1;
				DEVELOPMENT_TEAM = HXUYU6LP5D;
				GENERATE_INFOPLIST_FILE = YES;
				INFOPLIST_FILE = brewery/SupportingFiles/Info.plist;
				INFOPLIST_KEY_UIApplicationSupportsIndirectInputEvents = YES;
				INFOPLIST_KEY_UILaunchStoryboardName = LaunchScreen;
				INFOPLIST_KEY_UIStatusBarStyle = "";
				INFOPLIST_KEY_UISupportedInterfaceOrientations = UIInterfaceOrientationPortrait;
				LD_RUNPATH_SEARCH_PATHS = (
					"$(inherited)",
					"@executable_path/Frameworks",
				);
				MARKETING_VERSION = 1.0;
				PRODUCT_BUNDLE_IDENTIFIER = wolf.brewery;
				PRODUCT_NAME = "$(TARGET_NAME)";
				SUPPORTED_PLATFORMS = "iphoneos iphonesimulator";
				SUPPORTS_MACCATALYST = NO;
				SUPPORTS_MAC_DESIGNED_FOR_IPHONE_IPAD = NO;
				SWIFT_EMIT_LOC_STRINGS = YES;
				SWIFT_VERSION = 5.0;
				TARGETED_DEVICE_FAMILY = "1,2";
			};
			name = Release;
		};
/* End XCBuildConfiguration section */

/* Begin XCConfigurationList section */
		88E3F70A2AE356A800BFA273 /* Build configuration list for PBXProject "brewery" */ = {
			isa = XCConfigurationList;
			buildConfigurations = (
				88E3F7212AE356A900BFA273 /* Debug */,
				88E3F7222AE356A900BFA273 /* Release */,
			);
			defaultConfigurationIsVisible = 0;
			defaultConfigurationName = Release;
		};
		88E3F7232AE356A900BFA273 /* Build configuration list for PBXNativeTarget "brewery" */ = {
			isa = XCConfigurationList;
			buildConfigurations = (
				88E3F7242AE356A900BFA273 /* Debug */,
				88E3F7252AE356A900BFA273 /* Release */,
			);
			defaultConfigurationIsVisible = 0;
			defaultConfigurationName = Release;
		};
/* End XCConfigurationList section */

/* Begin XCRemoteSwiftPackageReference section */
		8894F7862AE60D3100B85CA1 /* XCRemoteSwiftPackageReference "Kingfisher" */ = {
			isa = XCRemoteSwiftPackageReference;
			repositoryURL = "https://github.com/onevcat/Kingfisher";
			requirement = {
				kind = upToNextMinorVersion;
				minimumVersion = 7.9.1;
			};
		};
/* End XCRemoteSwiftPackageReference section */

/* Begin XCSwiftPackageProductDependency section */
		8815624D2AE35E0C00D268C4 /* Networking */ = {
			isa = XCSwiftPackageProductDependency;
			productName = Networking;
		};
		8894F7872AE60D3100B85CA1 /* Kingfisher */ = {
			isa = XCSwiftPackageProductDependency;
			package = 8894F7862AE60D3100B85CA1 /* XCRemoteSwiftPackageReference "Kingfisher" */;
			productName = Kingfisher;
		};
/* End XCSwiftPackageProductDependency section */
	};
	rootObject = 88E3F7072AE356A800BFA273 /* Project object */;
}
